{
  "nodes": {
    "nixpkgs": {
      "locked": {
        "lastModified": 1745870676,
        "narHash": "sha256-IpldIaWrlasZZlKHPxitkrJ1ex4EVphuWYXVDdF5kf4=",
        "owner": "NixOS",
        "repo": "nixpkgs",
        "rev": "fdb6c240562c5ad516253419cc6f26819705d3e0",
        "type": "github"
      },
      "original": {
        "owner": "NixOS",
        "ref": "nixpkgs-unstable",
        "repo": "nixpkgs",
        "type": "github"
      }
    },
    "root": {
      "inputs": {
        "nixpkgs": "nixpkgs",
        "rust-overlay": "rust-overlay"
      }
    },
    "rust-overlay": {
      "inputs": {
        "nixpkgs": [
          "nixpkgs"
        ]
      },
      "locked": {
        "lastModified": 1745894113,
        "narHash": "sha256-dxO3caQZMv/pMtcuXdi+SnAtyki6HFbSf1IpgQPXZYc=",
        "owner": "oxalica",
        "repo": "rust-overlay",
        "rev": "e552fe1b16ffafd678ebe061c22b117e050769ed",
        "type": "github"
      },
      "original": {
        "owner": "oxalica",
        "repo": "rust-overlay",
        "type": "github"
      }
    }
  },
  "root": "root",
  "version": 7
}
