{
  "nodes": {
    "nixpkgs": {
      "locked": {
        "lastModified": 1746269363,
        "narHash": "sha256-Q0lKWway9OmZnkDTpAoAE9VLXHOHqCqdJ3N0tkSM99g=",
        "owner": "NixOS",
        "repo": "nixpkgs",
        "rev": "b6aef6c3553f849e1e6c08f1bcd3061df2b69fc4",
        "type": "github"
      },
      "original": {
        "owner": "NixOS",
        "ref": "nixpkgs-unstable",
        "repo": "nixpkgs",
        "type": "github"
      }
    },
    "root": {
      "inputs": {
        "nixpkgs": "nixpkgs",
        "rust-overlay": "rust-overlay"
      }
    },
    "rust-overlay": {
      "inputs": {
        "nixpkgs": [
          "nixpkgs"
        ]
      },
      "locked": {
        "lastModified": 1746239644,
        "narHash": "sha256-wMvMBMlpS1H8CQdSSgpLeoCWS67ciEkN/GVCcwk7Apc=",
        "owner": "oxalica",
        "repo": "rust-overlay",
        "rev": "bd32e88bef6da0e021a42fb4120a8df2150e9b8c",
        "type": "github"
      },
      "original": {
        "owner": "oxalica",
        "repo": "rust-overlay",
        "type": "github"
      }
    }
  },
  "root": "root",
  "version": 7
}
