{
  "nodes": {
    "dev": {
      "inputs": {
        "flake-utils": "flake-utils",
        "nixpkgs": "nixpkgs"
      },
      "locked": {
        "lastModified": 1659401774,
        "narHash": "sha256-mYHdzzoIGLwceE29f/Fz6zUr5fXmwXIEKcd14/kPfp4=",
        "owner": "the-nix-way",
        "repo": "dev-templates",
        "rev": "0758fe8372913ab233a3b7e32870c35893ee7ec2",
        "type": "github"
      },
      "original": {
        "owner": "the-nix-way",
        "repo": "dev-templates",
        "type": "github"
      }
    },
    "flake-utils": {
      "locked": {
        "lastModified": 1656928814,
        "narHash": "sha256-RIFfgBuKz6Hp89yRr7+NR5tzIAbn52h8vT6vXkYjZoM=",
        "owner": "numtide",
        "repo": "flake-utils",
        "rev": "7e2a3b3dfd9af950a856d66b0a7d01e3c18aa249",
        "type": "github"
      },
      "original": {
        "owner": "numtide",
        "repo": "flake-utils",
        "type": "github"
      }
    },
    "nixpkgs": {
      "locked": {
        "lastModified": 1659399445,
        "narHash": "sha256-nRlsBxJC2CRgsaweNGwRLRi6CN/FrRErlasDFimDrZY=",
        "owner": "NixOS",
        "repo": "nixpkgs",
        "rev": "aebe57d365ec7e60e74ea4a82acb9071a545fd48",
        "type": "github"
      },
      "original": {
        "owner": "NixOS",
        "repo": "nixpkgs",
        "type": "github"
      }
    },
    "root": {
      "inputs": {
        "dev": "dev"
      }
    }
  },
  "root": "root",
  "version": 7
}
