{
  "nodes": {
    "nixpkgs": {
      "locked": {
        "lastModified": 1735066050,
        "narHash": "sha256-vCBl6vYGi0QB11TMqdndLa7/UzxvuJUvKazlEnMTEX4=",
        "rev": "17fcc7929706c2bd08db2b785edbb23a66b2f681",
        "revCount": 637380,
        "type": "tarball",
        "url": "https://api.flakehub.com/f/pinned/NixOS/nixpkgs/0.2405.637380%2Brev-17fcc7929706c2bd08db2b785edbb23a66b2f681/019401c6-b45c-7c5a-8169-33329dc6c874/source.tar.gz"
      },
      "original": {
        "type": "tarball",
        "url": "https://flakehub.com/f/NixOS/nixpkgs/0.2405.%2A"
      }
    },
    "root": {
      "inputs": {
        "nixpkgs": "nixpkgs"
      }
    }
  },
  "root": "root",
  "version": 7
}
