{
  "nodes": {
    "nixpkgs": {
      "locked": {
        "lastModified": 1745870676,
        "narHash": "sha256-IpldIaWrlasZZlKHPxitkrJ1ex4EVphuWYXVDdF5kf4=",
        "owner": "NixOS",
        "repo": "nixpkgs",
        "rev": "fdb6c240562c5ad516253419cc6f26819705d3e0",
        "type": "github"
      },
      "original": {
        "owner": "NixOS",
        "ref": "nixpkgs-unstable",
        "repo": "nixpkgs",
        "type": "github"
      }
    },
    "root": {
      "inputs": {
        "nixpkgs": "nixpkgs"
      }
    }
  },
  "root": "root",
  "version": 7
}
