{
  "nodes": {
    "dev": {
      "inputs": {
        "flake-utils": "flake-utils",
        "nixpkgs": "nixpkgs"
      },
      "locked": {
        "lastModified": 1659544601,
        "narHash": "sha256-GzLqsGvycX3HLFm/6T40xrYxjyq8EE7Y+8MH7lQdy7Y=",
        "owner": "the-nix-way",
        "repo": "dev-templates",
        "rev": "2016ba8ae94fb2cd181f8fd4bec6a4175c57654d",
        "type": "github"
      },
      "original": {
        "owner": "the-nix-way",
        "repo": "dev-templates",
        "type": "github"
      }
    },
    "flake-utils": {
      "locked": {
        "lastModified": 1656928814,
        "narHash": "sha256-RIFfgBuKz6Hp89yRr7+NR5tzIAbn52h8vT6vXkYjZoM=",
        "owner": "numtide",
        "repo": "flake-utils",
        "rev": "7e2a3b3dfd9af950a856d66b0a7d01e3c18aa249",
        "type": "github"
      },
      "original": {
        "owner": "numtide",
        "repo": "flake-utils",
        "type": "github"
      }
    },
    "nixpkgs": {
      "locked": {
        "lastModified": 1659542688,
        "narHash": "sha256-7Ye59iW/DUWb8PzptEqdyYPlv6y+IhqKecaoZl3q68A=",
        "owner": "NixOS",
        "repo": "nixpkgs",
        "rev": "81094ccd6a0aa13ed176c815a60c4e25b49f072d",
        "type": "github"
      },
      "original": {
        "owner": "NixOS",
        "repo": "nixpkgs",
        "type": "github"
      }
    },
    "root": {
      "inputs": {
        "dev": "dev"
      }
    }
  },
  "root": "root",
  "version": 7
}
