{
  "nodes": {
    "dev": {
      "inputs": {
        "flake-utils": "flake-utils",
        "nixpkgs": "nixpkgs"
      },
      "locked": {
        "lastModified": 1659267324,
        "narHash": "sha256-4tw7i8eWEREPi8PXjyeiOYpJxlNd2dbvbPSFEX3ercE=",
        "owner": "the-nix-way",
        "repo": "dev-templates",
        "rev": "d9171fe68fb0f631a74137a0318fcfb0af0e7fb1",
        "type": "github"
      },
      "original": {
        "owner": "the-nix-way",
        "repo": "dev-templates",
        "type": "github"
      }
    },
    "flake-utils": {
      "locked": {
        "lastModified": 1656928814,
        "narHash": "sha256-RIFfgBuKz6Hp89yRr7+NR5tzIAbn52h8vT6vXkYjZoM=",
        "owner": "numtide",
        "repo": "flake-utils",
        "rev": "7e2a3b3dfd9af950a856d66b0a7d01e3c18aa249",
        "type": "github"
      },
      "original": {
        "owner": "numtide",
        "repo": "flake-utils",
        "type": "github"
      }
    },
    "nixpkgs": {
      "locked": {
        "lastModified": 1659267036,
        "narHash": "sha256-GYonXhS69TqxukmUFK1ffdv01H6kGfbVk7e57ktSGhE=",
        "owner": "NixOS",
        "repo": "nixpkgs",
        "rev": "21f29cb290bb75c1b9ee4ecf7a29f6c0d3a58dd5",
        "type": "github"
      },
      "original": {
        "owner": "NixOS",
        "repo": "nixpkgs",
        "type": "github"
      }
    },
    "root": {
      "inputs": {
        "dev": "dev"
      }
    }
  },
  "root": "root",
  "version": 7
}
