{
  "nodes": {
    "nixpkgs": {
      "locked": {
        "lastModified": 1739736696,
        "narHash": "sha256-zON2GNBkzsIyALlOCFiEBcIjI4w38GYOb+P+R4S8Jsw=",
        "rev": "d74a2335ac9c133d6bbec9fc98d91a77f1604c1f",
        "revCount": 754461,
        "type": "tarball",
        "url": "https://api.flakehub.com/f/pinned/NixOS/nixpkgs/0.1.754461%2Brev-d74a2335ac9c133d6bbec9fc98d91a77f1604c1f/01951426-5a87-7b75-8413-1a0d9ec5ff04/source.tar.gz"
      },
      "original": {
        "type": "tarball",
        "url": "https://flakehub.com/f/NixOS/nixpkgs/0.1.%2A.tar.gz"
      }
    },
    "root": {
      "inputs": {
        "nixpkgs": "nixpkgs",
        "rust-overlay": "rust-overlay"
      }
    },
    "rust-overlay": {
      "inputs": {
        "nixpkgs": [
          "nixpkgs"
        ]
      },
      "locked": {
        "lastModified": 1739845646,
        "narHash": "sha256-UGQVBU/yDn6u0kAE4z1PYrOaaf3wl+gAAv5rui2TkFQ=",
        "owner": "oxalica",
        "repo": "rust-overlay",
        "rev": "ab2cd2b8b25ab3f65b8ce4aa701a6d69fbb0210f",
        "type": "github"
      },
      "original": {
        "owner": "oxalica",
        "repo": "rust-overlay",
        "type": "github"
      }
    }
  },
  "root": "root",
  "version": 7
}
