{
  "nodes": {
    "nixpkgs": {
      "locked": {
        "lastModified": 1734649271,
        "narHash": "sha256-4EVBRhOjMDuGtMaofAIqzJbg4Ql7Ai0PSeuVZTHjyKQ=",
        "rev": "d70bd19e0a38ad4790d3913bf08fcbfc9eeca507",
        "revCount": 724962,
        "type": "tarball",
        "url": "https://api.flakehub.com/f/pinned/NixOS/nixpkgs/0.1.724962%2Brev-d70bd19e0a38ad4790d3913bf08fcbfc9eeca507/0193ec4a-02cd-7c6d-bad8-825029076205/source.tar.gz"
      },
      "original": {
        "type": "tarball",
        "url": "https://flakehub.com/f/NixOS/nixpkgs/0.1.%2A.tar.gz"
      }
    },
    "root": {
      "inputs": {
        "nixpkgs": "nixpkgs",
        "rust-overlay": "rust-overlay"
      }
    },
    "rust-overlay": {
      "inputs": {
        "nixpkgs": [
          "nixpkgs"
        ]
      },
      "locked": {
        "lastModified": 1735093658,
        "narHash": "sha256-eIUYGDtairggo7+JXSwN7b6Zr03BJ7tsZL/U0NkDr0s=",
        "owner": "oxalica",
        "repo": "rust-overlay",
        "rev": "ca249a1d98eff27e92665ac462b9d47f58141925",
        "type": "github"
      },
      "original": {
        "owner": "oxalica",
        "repo": "rust-overlay",
        "type": "github"
      }
    }
  },
  "root": "root",
  "version": 7
}
