{
  "nodes": {
    "nixpkgs": {
      "locked": {
        "lastModified": 1725983898,
        "narHash": "sha256-4b3A9zPpxAxLnkF9MawJNHDtOOl6ruL0r6Og1TEDGCE=",
        "rev": "1355a0cbfeac61d785b7183c0caaec1f97361b43",
        "revCount": 679633,
        "type": "tarball",
        "url": "https://api.flakehub.com/f/pinned/NixOS/nixpkgs/0.1.679633%2Brev-1355a0cbfeac61d785b7183c0caaec1f97361b43/0191e056-29ca-7edd-866b-619251fc5425/source.tar.gz"
      },
      "original": {
        "type": "tarball",
        "url": "https://flakehub.com/f/NixOS/nixpkgs/0.1.%2A.tar.gz"
      }
    },
    "root": {
      "inputs": {
        "nixpkgs": "nixpkgs",
        "rust-overlay": "rust-overlay"
      }
    },
    "rust-overlay": {
      "inputs": {
        "nixpkgs": [
          "nixpkgs"
        ]
      },
      "locked": {
        "lastModified": 1726107922,
        "narHash": "sha256-G8P6YT/U55G4YILkL/I0NaEqYYoL05Rfs7y/tI4mqqI=",
        "owner": "oxalica",
        "repo": "rust-overlay",
        "rev": "fb1cf4398436a12f1f8b07da08d94fc72fcb1a69",
        "type": "github"
      },
      "original": {
        "owner": "oxalica",
        "repo": "rust-overlay",
        "type": "github"
      }
    }
  },
  "root": "root",
  "version": 7
}
