{
  "nodes": {
    "nixpkgs": {
      "locked": {
        "lastModified": 1738546358,
        "narHash": "sha256-nLivjIygCiqLp5QcL7l56Tca/elVqM9FG1hGd9ZSsrg=",
        "rev": "c6e957d81b96751a3d5967a0fd73694f303cc914",
        "revCount": 747070,
        "type": "tarball",
        "url": "https://api.flakehub.com/f/pinned/NixOS/nixpkgs/0.1.747070%2Brev-c6e957d81b96751a3d5967a0fd73694f303cc914/0194cfda-968b-7c4f-95c5-bd4a42478770/source.tar.gz"
      },
      "original": {
        "type": "tarball",
        "url": "https://flakehub.com/f/NixOS/nixpkgs/0.1.%2A.tar.gz"
      }
    },
    "root": {
      "inputs": {
        "nixpkgs": "nixpkgs"
      }
    }
  },
  "root": "root",
  "version": 7
}
