{
  "nodes": {
    "dev": {
      "inputs": {
        "flake-utils": "flake-utils",
        "nixpkgs": "nixpkgs"
      },
      "locked": {
        "lastModified": 1660405218,
        "narHash": "sha256-brLy2+HlzrFwBX5jMCYgtnCXX3gsXPIQlw0k4DjFOvw=",
        "owner": "the-nix-way",
        "repo": "dev-templates",
        "rev": "d66e34d345aaf8e0cbc406483e95cbdb6daa7712",
        "type": "github"
      },
      "original": {
        "owner": "the-nix-way",
        "repo": "dev-templates",
        "type": "github"
      }
    },
    "flake-utils": {
      "locked": {
        "lastModified": 1659877975,
        "narHash": "sha256-zllb8aq3YO3h8B/U0/J1WBgAL8EX5yWf5pMj3G0NAmc=",
        "owner": "numtide",
        "repo": "flake-utils",
        "rev": "c0e246b9b83f637f4681389ecabcb2681b4f3af0",
        "type": "github"
      },
      "original": {
        "owner": "numtide",
        "repo": "flake-utils",
        "type": "github"
      }
    },
    "nixpkgs": {
      "locked": {
        "lastModified": 1660375717,
        "narHash": "sha256-U/wSSm6eMfNoMG2Rq48+KPwJIq8bfuW/qcf5digYZ8g=",
        "owner": "NixOS",
        "repo": "nixpkgs",
        "rev": "65c15b0a26593a77e65e4212d8d9f58d83844f07",
        "type": "github"
      },
      "original": {
        "owner": "NixOS",
        "ref": "nixpkgs-unstable",
        "repo": "nixpkgs",
        "type": "github"
      }
    },
    "root": {
      "inputs": {
        "dev": "dev"
      }
    }
  },
  "root": "root",
  "version": 7
}
