{
  "nodes": {
    "easy-purescript-nix": {
      "flake": false,
      "locked": {
        "lastModified": 1671011575,
        "narHash": "sha256-tESal32bcqqdZO+aKnBzc1GoL2mtnaDtj2y7ociCRGA=",
        "owner": "justinwoo",
        "repo": "easy-purescript-nix",
        "rev": "11d3bd58ce6e32703bf69cec04dc7c38eabe14ba",
        "type": "github"
      },
      "original": {
        "owner": "justinwoo",
        "repo": "easy-purescript-nix",
        "type": "github"
      }
    },
    "flake-utils": {
      "locked": {
        "lastModified": 1676283394,
        "narHash": "sha256-XX2f9c3iySLCw54rJ/CZs+ZK6IQy7GXNY4nSOyu2QG4=",
        "owner": "numtide",
        "repo": "flake-utils",
        "rev": "3db36a8b464d0c4532ba1c7dda728f4576d6d073",
        "type": "github"
      },
      "original": {
        "owner": "numtide",
        "repo": "flake-utils",
        "type": "github"
      }
    },
    "nixpkgs": {
      "locked": {
        "lastModified": 1676419747,
        "narHash": "sha256-VKaecpmFjq3qsG4b7t7UOu2tSTTJKbGHR5f0ICLQT6M=",
        "owner": "NixOS",
        "repo": "nixpkgs",
        "rev": "c9fbcf04164c77ac8a473f984e666d81beef224d",
        "type": "github"
      },
      "original": {
        "owner": "NixOS",
        "repo": "nixpkgs",
        "type": "github"
      }
    },
    "root": {
      "inputs": {
        "easy-purescript-nix": "easy-purescript-nix",
        "flake-utils": "flake-utils",
        "nixpkgs": "nixpkgs"
      }
    }
  },
  "root": "root",
  "version": 7
}
