{
  "nodes": {
    "dev": {
      "inputs": {
        "flake-utils": "flake-utils",
        "nixpkgs": "nixpkgs"
      },
      "locked": {
        "lastModified": 1659289982,
        "narHash": "sha256-XEOEHpwWSg9F3VkOBAgmuTAT3esCkseEf1v5Miyfiu8=",
        "owner": "the-nix-way",
        "repo": "dev-templates",
        "rev": "ee031759148051457e0045238419c51d77c0852e",
        "type": "github"
      },
      "original": {
        "owner": "the-nix-way",
        "repo": "dev-templates",
        "type": "github"
      }
    },
    "flake-utils": {
      "locked": {
        "lastModified": 1656928814,
        "narHash": "sha256-RIFfgBuKz6Hp89yRr7+NR5tzIAbn52h8vT6vXkYjZoM=",
        "owner": "numtide",
        "repo": "flake-utils",
        "rev": "7e2a3b3dfd9af950a856d66b0a7d01e3c18aa249",
        "type": "github"
      },
      "original": {
        "owner": "numtide",
        "repo": "flake-utils",
        "type": "github"
      }
    },
    "nixpkgs": {
      "locked": {
        "lastModified": 1659281650,
        "narHash": "sha256-iqcbzR7G498uI5DVbFXYmnit6Li80o+GTAxN9fyQhEI=",
        "owner": "NixOS",
        "repo": "nixpkgs",
        "rev": "a5ec6d540f73294ed83c897dedfae706def823a9",
        "type": "github"
      },
      "original": {
        "owner": "NixOS",
        "repo": "nixpkgs",
        "type": "github"
      }
    },
    "root": {
      "inputs": {
        "dev": "dev"
      }
    }
  },
  "root": "root",
  "version": 7
}
